
Microsoft Visual Studio Solution File, Format Version 12.00
# Visual Studio Version 17
VisualStudioVersion = 17.14.36408.4 d17.14
MinimumVisualStudioVersion = 10.0.40219.1
Project("{FAE04EC0-301F-11D3-BF4B-00C04F79EFBC}") = "TP4_GRUPO_16", "TP4_GRUPO_16\TP4_GRUPO_16.csproj", "{53969DCD-1FB9-4051-8EB7-8820DB9484DD}"
EndProject
Global
	GlobalSection(SolutionConfigurationPlatforms) = preSolution
		Debug|Any CPU = Debug|Any CPU
		Release|Any CPU = Release|Any CPU
	EndGlobalSection
	GlobalSection(ProjectConfigurationPlatforms) = postSolution
		{53969DCD-1FB9-4051-8EB7-8820DB9484DD}.Debug|Any CPU.ActiveCfg = Debug|Any CPU
		{53969DCD-1FB9-4051-8EB7-8820DB9484DD}.Debug|Any CPU.Build.0 = Debug|Any CPU
		{53969DCD-1FB9-4051-8EB7-8820DB9484DD}.Release|Any CPU.ActiveCfg = Release|Any CPU
		{53969DCD-1FB9-4051-8EB7-8820DB9484DD}.Release|Any CPU.Build.0 = Release|Any CPU
	EndGlobalSection
	GlobalSection(SolutionProperties) = preSolution
		HideSolutionNode = FALSE
	EndGlobalSection
	GlobalSection(ExtensibilityGlobals) = postSolution
		SolutionGuid = {7855A794-84E5-4710-A547-EE6E00AF01EB}
	EndGlobalSection
EndGlobal
