
Microsoft Visual Studio Solution File, Format Version 12.00
# Visual Studio Version 17
VisualStudioVersion = 17.13.35825.156 d17.13
MinimumVisualStudioVersion = 10.0.40219.1
Project("{FAE04EC0-301F-11D3-BF4B-00C04F79EFBC}") = "TP1_GRUPO_16", "TP1_GRUPO_16\TP1_GRUPO_16.csproj", "{17859868-E56F-4277-9A51-F4A9AEA3923F}"
EndProject
Global
	GlobalSection(SolutionConfigurationPlatforms) = preSolution
		Debug|Any CPU = Debug|Any CPU
		Release|Any CPU = Release|Any CPU
	EndGlobalSection
	GlobalSection(ProjectConfigurationPlatforms) = postSolution
		{17859868-E56F-4277-9A51-F4A9AEA3923F}.Debug|Any CPU.ActiveCfg = Debug|Any CPU
		{17859868-E56F-4277-9A51-F4A9AEA3923F}.Debug|Any CPU.Build.0 = Debug|Any CPU
		{17859868-E56F-4277-9A51-F4A9AEA3923F}.Release|Any CPU.ActiveCfg = Release|Any CPU
		{17859868-E56F-4277-9A51-F4A9AEA3923F}.Release|Any CPU.Build.0 = Release|Any CPU
	EndGlobalSection
	GlobalSection(SolutionProperties) = preSolution
		HideSolutionNode = FALSE
	EndGlobalSection
	GlobalSection(ExtensibilityGlobals) = postSolution
		SolutionGuid = {FF15B295-1A0D-477C-BEB6-A1A0995BC061}
	EndGlobalSection
EndGlobal
