
Microsoft Visual Studio Solution File, Format Version 12.00
# Visual Studio Version 17
VisualStudioVersion = 17.13.35825.156 d17.13
MinimumVisualStudioVersion = 10.0.40219.1
Project("{FAE04EC0-301F-11D3-BF4B-00C04F79EFBC}") = "TP7_GRUPO_16", "TP7_GRUPO_16\TP7_GRUPO_16.csproj", "{10611768-F5ED-4951-8F4D-916BEFE8ADD3}"
EndProject
Global
	GlobalSection(SolutionConfigurationPlatforms) = preSolution
		Debug|Any CPU = Debug|Any CPU
		Release|Any CPU = Release|Any CPU
	EndGlobalSection
	GlobalSection(ProjectConfigurationPlatforms) = postSolution
		{10611768-F5ED-4951-8F4D-916BEFE8ADD3}.Debug|Any CPU.ActiveCfg = Debug|Any CPU
		{10611768-F5ED-4951-8F4D-916BEFE8ADD3}.Debug|Any CPU.Build.0 = Debug|Any CPU
		{10611768-F5ED-4951-8F4D-916BEFE8ADD3}.Release|Any CPU.ActiveCfg = Release|Any CPU
		{10611768-F5ED-4951-8F4D-916BEFE8ADD3}.Release|Any CPU.Build.0 = Release|Any CPU
	EndGlobalSection
	GlobalSection(SolutionProperties) = preSolution
		HideSolutionNode = FALSE
	EndGlobalSection
	GlobalSection(ExtensibilityGlobals) = postSolution
		SolutionGuid = {BB8627DA-B571-4D2B-B0CB-2A2CCE47A91F}
	EndGlobalSection
EndGlobal
